<?xml version="1.0" encoding="utf-8"?>
<Project ToolsVersion="4.0" xmlns="http://schemas.microsoft.com/developer/msbuild/2003">
  <ItemGroup>
    <Filter Include="Resource Files">
      <UniqueIdentifier>{67DA6AB6-F800-4c08-8B7A-83BB121AAD01}</UniqueIdentifier>
      <Extensions>rc;ico;cur;bmp;dlg;rc2;rct;bin;rgs;gif;jpg;jpeg;jpe;resx;tiff;tif;png;wav;mfcribbon-ms</Extensions>
    </Filter>
    <Filter Include="Source">
      <UniqueIdentifier>{4FC737F1-C7A5-4376-A066-2A32D752A2FF}</UniqueIdentifier>
      <Extensions>cpp;c;cc;cxx;c++;cppm;ixx;def;odl;idl;hpj;bat;asm;asmx</Extensions>
    </Filter>
    <Filter Include="Source\Components">
      <UniqueIdentifier>{133fc11c-79ed-40c2-9d7d-088b5218d0af}</UniqueIdentifier>
    </Filter>
    <Filter Include="Source\Framework">
      <UniqueIdentifier>{f8721ef4-75c5-4679-a314-a195c85ffd8f}</UniqueIdentifier>
    </Filter>
    <Filter Include="Resource Files\JSON">
      <UniqueIdentifier>{276a32de-7396-48a2-a1a8-4941ce913715}</UniqueIdentifier>
    </Filter>
    <Filter Include="Resource Files\JSON\Decks">
      <UniqueIdentifier>{ff4f274d-30ed-410d-8f0f-cd821a3bfca2}</UniqueIdentifier>
    </Filter>
    <Filter Include="Resource Files\JSON\Decks\FNAF">
      <UniqueIdentifier>{f8343875-f1c9-4f0d-8e8d-832fe9d3326c}</UniqueIdentifier>
    </Filter>
  </ItemGroup>
  <ItemGroup>
    <ClCompile Include="Source\Main.cpp">
      <Filter>Source</Filter>
    </ClCompile>
    <ClCompile Include="Source\RivalsArena.cpp">
      <Filter>Source</Filter>
    </ClCompile>
    <ClCompile Include="Source\Components\DeckComponent.cpp">
      <Filter>Source\Components</Filter>
    </ClCompile>
    <ClCompile Include="Source\Components\PlayerComponent.cpp">
      <Filter>Source\Components</Filter>
    </ClCompile>
    <ClCompile Include="Source\Components\CardComponent.cpp">
      <Filter>Source\Components</Filter>
    </ClCompile>
    <ClCompile Include="Source\Components\TrackerModifierCardComponent.cpp">
      <Filter>Source\Components</Filter>
    </ClCompile>
    <ClCompile Include="Source\Components\PileComponent.cpp">
      <Filter>Source\Components</Filter>
    </ClCompile>
  </ItemGroup>
  <ItemGroup>
    <None Include="cpp.hint">
      <Filter>Source</Filter>
    </None>
    <None Include="..\Build\Assets\JSON\Decks\FNAF\Cards.json">
      <Filter>Resource Files\JSON\Decks\FNAF</Filter>
    </None>
    <None Include="..\Build\Assets\JSON\Decks\FNAF\Deck.json">
      <Filter>Resource Files\JSON\Decks\FNAF</Filter>
    </None>
    <None Include="..\Build\Assets\JSON\Initialize.json">
      <Filter>Resource Files\JSON</Filter>
    </None>
  </ItemGroup>
  <ItemGroup>
    <ClInclude Include="Source\RivalsArena.h">
      <Filter>Source</Filter>
    </ClInclude>
    <ClInclude Include="Source\Components\PlayerComponent.h">
      <Filter>Source\Components</Filter>
    </ClInclude>
    <ClInclude Include="Source\Components\DeckComponent.h">
      <Filter>Source\Components</Filter>
    </ClInclude>
    <ClInclude Include="Source\Components\CounterComponent.h">
      <Filter>Source\Components</Filter>
    </ClInclude>
    <ClInclude Include="Source\Framework\GameEventData.h">
      <Filter>Source\Framework</Filter>
    </ClInclude>
    <ClInclude Include="Source\Components\CardComponent.h">
      <Filter>Source\Components</Filter>
    </ClInclude>
    <ClInclude Include="Source\Components\TrackerModifierCardComponent.h">
      <Filter>Source\Components</Filter>
    </ClInclude>
    <ClInclude Include="Source\Components\PileComponent.h">
      <Filter>Source\Components</Filter>
    </ClInclude>
  </ItemGroup>
</Project>